// !$*UTF8*$!
{
	archiveVersion = 1;
	classes = {
	};
	objectVersion = 56;
	objects = {

/* Begin PBXBuildFile section */
		1E585BC42B3227BE0085C971 /* FloraFiApp.swift in Sources */ = {isa = PBXBuildFile; fileRef = 1E585BC32B3227BE0085C971 /* FloraFiApp.swift */; };
		1E585BC62B3227BE0085C971 /* SplashScreen.swift in Sources */ = {isa = PBXBuildFile; fileRef = 1E585BC52B3227BE0085C971 /* SplashScreen.swift */; };
		1E585BC82B3227C00085C971 /* Assets.xcassets in Resources */ = {isa = PBXBuildFile; fileRef = 1E585BC72B3227C00085C971 /* Assets.xcassets */; };
		1E585BCB2B3227C00085C971 /* Preview Assets.xcassets in Resources */ = {isa = PBXBuildFile; fileRef = 1E585BCA2B3227C00085C971 /* Preview Assets.xcassets */; };
		1E585BD22B32287D0085C971 /* SeasonsView.swift in Sources */ = {isa = PBXBuildFile; fileRef = 1E585BD12B32287D0085C971 /* SeasonsView.swift */; };
		1E585BD42B32288D0085C971 /* HomeView.swift in Sources */ = {isa = PBXBuildFile; fileRef = 1E585BD32B32288D0085C971 /* HomeView.swift */; };
		1E585BD82B322CB30085C971 /* tabView.swift in Sources */ = {isa = PBXBuildFile; fileRef = 1E585BD72B322CB30085C971 /* tabView.swift */; };
		1E585BDC2B32C44E0085C971 /* Localizable.xcstrings in Resources */ = {isa = PBXBuildFile; fileRef = 1E585BDB2B32C44E0085C971 /* Localizable.xcstrings */; };
		1E585BFC2B3810FB0085C971 /* Color.swift in Sources */ = {isa = PBXBuildFile; fileRef = 1E585BFB2B3810FB0085C971 /* Color.swift */; };
		D0A959932B7F82B500305100 /* plant2.swift in Sources */ = {isa = PBXBuildFile; fileRef = D0A959922B7F82B500305100 /* plant2.swift */; };
		D0A959952B7F88BB00305100 /* plant3.swift in Sources */ = {isa = PBXBuildFile; fileRef = D0A959942B7F88BB00305100 /* plant3.swift */; };
		D0A959972B7F8B0500305100 /* plant4.swift in Sources */ = {isa = PBXBuildFile; fileRef = D0A959962B7F8B0500305100 /* plant4.swift */; };
		D0A959992B7F8CB700305100 /* plant5.swift in Sources */ = {isa = PBXBuildFile; fileRef = D0A959982B7F8CB600305100 /* plant5.swift */; };
		D0A9599B2B7F8E5A00305100 /* plant6.swift in Sources */ = {isa = PBXBuildFile; fileRef = D0A9599A2B7F8E5A00305100 /* plant6.swift */; };
		EA39FDA12B802B5500AAF32B /* plant9.swift in Sources */ = {isa = PBXBuildFile; fileRef = EA39FDA02B802B5500AAF32B /* plant9.swift */; };
		EA9EFA5B2B7FD9F100B6622E /* winter.swift in Sources */ = {isa = PBXBuildFile; fileRef = EA9EFA5A2B7FD9F100B6622E /* winter.swift */; };
		EA9EFA5D2B7FDA0100B6622E /* summer.swift in Sources */ = {isa = PBXBuildFile; fileRef = EA9EFA5C2B7FDA0100B6622E /* summer.swift */; };
		EA9EFA5F2B7FDA1200B6622E /* allYear.swift in Sources */ = {isa = PBXBuildFile; fileRef = EA9EFA5E2B7FDA1200B6622E /* allYear.swift */; };
		EAFFF5B12B80E59C000EF7AA /* plant1.swift in Sources */ = {isa = PBXBuildFile; fileRef = EAFFF5B02B80E59C000EF7AA /* plant1.swift */; };
		EAFFF5B32B80FC35000EF7AA /* plant7.swift in Sources */ = {isa = PBXBuildFile; fileRef = EAFFF5B22B80FC35000EF7AA /* plant7.swift */; };
		EAFFF5B52B80FEB6000EF7AA /* plant8.swift in Sources */ = {isa = PBXBuildFile; fileRef = EAFFF5B42B80FEB6000EF7AA /* plant8.swift */; };
		EAFFF5B72B80FEEC000EF7AA /* plant10.swift in Sources */ = {isa = PBXBuildFile; fileRef = EAFFF5B62B80FEEC000EF7AA /* plant10.swift */; };
		EAFFF5B92B811005000EF7AA /* plant11.swift in Sources */ = {isa = PBXBuildFile; fileRef = EAFFF5B82B811005000EF7AA /* plant11.swift */; };
/* End PBXBuildFile section */

/* Begin PBXFileReference section */
		1E585BC02B3227BE0085C971 /* FloraFi.app */ = {isa = PBXFileReference; explicitFileType = wrapper.application; includeInIndex = 0; path = FloraFi.app; sourceTree = BUILT_PRODUCTS_DIR; };
		1E585BC32B3227BE0085C971 /* FloraFiApp.swift */ = {isa = PBXFileReference; lastKnownFileType = sourcecode.swift; path = FloraFiApp.swift; sourceTree = "<group>"; };
		1E585BC52B3227BE0085C971 /* SplashScreen.swift */ = {isa = PBXFileReference; lastKnownFileType = sourcecode.swift; path = SplashScreen.swift; sourceTree = "<group>"; };
		1E585BC72B3227C00085C971 /* Assets.xcassets */ = {isa = PBXFileReference; lastKnownFileType = folder.assetcatalog; path = Assets.xcassets; sourceTree = "<group>"; };
		1E585BCA2B3227C00085C971 /* Preview Assets.xcassets */ = {isa = PBXFileReference; lastKnownFileType = folder.assetcatalog; path = "Preview Assets.xcassets"; sourceTree = "<group>"; };
		1E585BD12B32287D0085C971 /* SeasonsView.swift */ = {isa = PBXFileReference; lastKnownFileType = sourcecode.swift; path = SeasonsView.swift; sourceTree = "<group>"; };
		1E585BD32B32288D0085C971 /* HomeView.swift */ = {isa = PBXFileReference; lastKnownFileType = sourcecode.swift; path = HomeView.swift; sourceTree = "<group>"; };
		1E585BD72B322CB30085C971 /* tabView.swift */ = {isa = PBXFileReference; lastKnownFileType = sourcecode.swift; path = tabView.swift; sourceTree = "<group>"; };
		1E585BDB2B32C44E0085C971 /* Localizable.xcstrings */ = {isa = PBXFileReference; lastKnownFileType = text.json.xcstrings; path = Localizable.xcstrings; sourceTree = "<group>"; };
		1E585BFB2B3810FB0085C971 /* Color.swift */ = {isa = PBXFileReference; lastKnownFileType = sourcecode.swift; path = Color.swift; sourceTree = "<group>"; };
		D0A959922B7F82B500305100 /* plant2.swift */ = {isa = PBXFileReference; lastKnownFileType = sourcecode.swift; path = plant2.swift; sourceTree = "<group>"; };
		D0A959942B7F88BB00305100 /* plant3.swift */ = {isa = PBXFileReference; lastKnownFileType = sourcecode.swift; path = plant3.swift; sourceTree = "<group>"; };
		D0A959962B7F8B0500305100 /* plant4.swift */ = {isa = PBXFileReference; lastKnownFileType = sourcecode.swift; path = plant4.swift; sourceTree = "<group>"; };
		D0A959982B7F8CB600305100 /* plant5.swift */ = {isa = PBXFileReference; lastKnownFileType = sourcecode.swift; path = plant5.swift; sourceTree = "<group>"; };
		D0A9599A2B7F8E5A00305100 /* plant6.swift */ = {isa = PBXFileReference; lastKnownFileType = sourcecode.swift; path = plant6.swift; sourceTree = "<group>"; };
		EA39FDA02B802B5500AAF32B /* plant9.swift */ = {isa = PBXFileReference; lastKnownFileType = sourcecode.swift; path = plant9.swift; sourceTree = "<group>"; };
		EA9EFA5A2B7FD9F100B6622E /* winter.swift */ = {isa = PBXFileReference; lastKnownFileType = sourcecode.swift; path = winter.swift; sourceTree = "<group>"; };
		EA9EFA5C2B7FDA0100B6622E /* summer.swift */ = {isa = PBXFileReference; lastKnownFileType = sourcecode.swift; path = summer.swift; sourceTree = "<group>"; };
		EA9EFA5E2B7FDA1200B6622E /* allYear.swift */ = {isa = PBXFileReference; lastKnownFileType = sourcecode.swift; path = allYear.swift; sourceTree = "<group>"; };
		EAFFF5B02B80E59C000EF7AA /* plant1.swift */ = {isa = PBXFileReference; lastKnownFileType = sourcecode.swift; path = plant1.swift; sourceTree = "<group>"; };
		EAFFF5B22B80FC35000EF7AA /* plant7.swift */ = {isa = PBXFileReference; lastKnownFileType = sourcecode.swift; path = plant7.swift; sourceTree = "<group>"; };
		EAFFF5B42B80FEB6000EF7AA /* plant8.swift */ = {isa = PBXFileReference; lastKnownFileType = sourcecode.swift; path = plant8.swift; sourceTree = "<group>"; };
		EAFFF5B62B80FEEC000EF7AA /* plant10.swift */ = {isa = PBXFileReference; lastKnownFileType = sourcecode.swift; path = plant10.swift; sourceTree = "<group>"; };
		EAFFF5B82B811005000EF7AA /* plant11.swift */ = {isa = PBXFileReference; lastKnownFileType = sourcecode.swift; path = plant11.swift; sourceTree = "<group>"; };
/* End PBXFileReference section */

/* Begin PBXFrameworksBuildPhase section */
		1E585BBD2B3227BE0085C971 /* Frameworks */ = {
			isa = PBXFrameworksBuildPhase;
			buildActionMask = 2147483647;
			files = (
			);
			runOnlyForDeploymentPostprocessing = 0;
		};
/* End PBXFrameworksBuildPhase section */

/* Begin PBXGroup section */
		1E585BB72B3227BE0085C971 = {
			isa = PBXGroup;
			children = (
				1E585BC22B3227BE0085C971 /* FloraFi */,
				1E585BC12B3227BE0085C971 /* Products */,
			);
			sourceTree = "<group>";
		};
		1E585BC12B3227BE0085C971 /* Products */ = {
			isa = PBXGroup;
			children = (
				1E585BC02B3227BE0085C971 /* FloraFi.app */,
			);
			name = Products;
			sourceTree = "<group>";
		};
		1E585BC22B3227BE0085C971 /* FloraFi */ = {
			isa = PBXGroup;
			children = (
				1E585BFF2B3816FC0085C971 /* View */,
				1E585BC32B3227BE0085C971 /* FloraFiApp.swift */,
				1E585BC52B3227BE0085C971 /* SplashScreen.swift */,
				1E585BD72B322CB30085C971 /* tabView.swift */,
				1E585BFB2B3810FB0085C971 /* Color.swift */,
				1E585BC72B3227C00085C971 /* Assets.xcassets */,
				1E585BC92B3227C00085C971 /* Preview Content */,
				1E585BDB2B32C44E0085C971 /* Localizable.xcstrings */,
			);
			path = FloraFi;
			sourceTree = "<group>";
		};
		1E585BC92B3227C00085C971 /* Preview Content */ = {
			isa = PBXGroup;
			children = (
				1E585BCA2B3227C00085C971 /* Preview Assets.xcassets */,
			);
			path = "Preview Content";
			sourceTree = "<group>";
		};
		1E585BFF2B3816FC0085C971 /* View */ = {
			isa = PBXGroup;
			children = (
				1E585BD12B32287D0085C971 /* SeasonsView.swift */,
				1E585BD32B32288D0085C971 /* HomeView.swift */,
				EAFFF5B02B80E59C000EF7AA /* plant1.swift */,
				D0A959922B7F82B500305100 /* plant2.swift */,
				D0A959942B7F88BB00305100 /* plant3.swift */,
				D0A959962B7F8B0500305100 /* plant4.swift */,
				D0A959982B7F8CB600305100 /* plant5.swift */,
				D0A9599A2B7F8E5A00305100 /* plant6.swift */,
				EAFFF5B22B80FC35000EF7AA /* plant7.swift */,
				EAFFF5B42B80FEB6000EF7AA /* plant8.swift */,
				EA39FDA02B802B5500AAF32B /* plant9.swift */,
				EAFFF5B62B80FEEC000EF7AA /* plant10.swift */,
				EAFFF5B82B811005000EF7AA /* plant11.swift */,
				EA9EFA5C2B7FDA0100B6622E /* summer.swift */,
				EA9EFA5A2B7FD9F100B6622E /* winter.swift */,
				EA9EFA5E2B7FDA1200B6622E /* allYear.swift */,
			);
			path = View;
			sourceTree = "<group>";
		};
/* End PBXGroup section */

/* Begin PBXNativeTarget section */
		1E585BBF2B3227BE0085C971 /* FloraFi */ = {
			isa = PBXNativeTarget;
			buildConfigurationList = 1E585BCE2B3227C00085C971 /* Build configuration list for PBXNativeTarget "FloraFi" */;
			buildPhases = (
				1E585BBC2B3227BE0085C971 /* Sources */,
				1E585BBD2B3227BE0085C971 /* Frameworks */,
				1E585BBE2B3227BE0085C971 /* Resources */,
			);
			buildRules = (
			);
			dependencies = (
			);
			name = FloraFi;
			productName = FloraFi;
			productReference = 1E585BC02B3227BE0085C971 /* FloraFi.app */;
			productType = "com.apple.product-type.application";
		};
/* End PBXNativeTarget section */

/* Begin PBXProject section */
		1E585BB82B3227BE0085C971 /* Project object */ = {
			isa = PBXProject;
			attributes = {
				BuildIndependentTargetsInParallel = 1;
				LastSwiftUpdateCheck = 1500;
				LastUpgradeCheck = 1510;
				TargetAttributes = {
					1E585BBF2B3227BE0085C971 = {
						CreatedOnToolsVersion = 15.0;
					};
				};
			};
			buildConfigurationList = 1E585BBB2B3227BE0085C971 /* Build configuration list for PBXProject "FloraFi" */;
			compatibilityVersion = "Xcode 14.0";
			developmentRegion = en;
			hasScannedForEncodings = 0;
			knownRegions = (
				en,
				Base,
				ar,
			);
			mainGroup = 1E585BB72B3227BE0085C971;
			productRefGroup = 1E585BC12B3227BE0085C971 /* Products */;
			projectDirPath = "";
			projectRoot = "";
			targets = (
				1E585BBF2B3227BE0085C971 /* FloraFi */,
			);
		};
/* End PBXProject section */

/* Begin PBXResourcesBuildPhase section */
		1E585BBE2B3227BE0085C971 /* Resources */ = {
			isa = PBXResourcesBuildPhase;
			buildActionMask = 2147483647;
			files = (
				1E585BCB2B3227C00085C971 /* Preview Assets.xcassets in Resources */,
				1E585BC82B3227C00085C971 /* Assets.xcassets in Resources */,
				1E585BDC2B32C44E0085C971 /* Localizable.xcstrings in Resources */,
			);
			runOnlyForDeploymentPostprocessing = 0;
		};
/* End PBXResourcesBuildPhase section */

/* Begin PBXSourcesBuildPhase section */
		1E585BBC2B3227BE0085C971 /* Sources */ = {
			isa = PBXSourcesBuildPhase;
			buildActionMask = 2147483647;
			files = (
				D0A959932B7F82B500305100 /* plant2.swift in Sources */,
				1E585BC62B3227BE0085C971 /* SplashScreen.swift in Sources */,
				EA9EFA5F2B7FDA1200B6622E /* allYear.swift in Sources */,
				D0A959992B7F8CB700305100 /* plant5.swift in Sources */,
				1E585BD22B32287D0085C971 /* SeasonsView.swift in Sources */,
				EAFFF5B92B811005000EF7AA /* plant11.swift in Sources */,
				EAFFF5B52B80FEB6000EF7AA /* plant8.swift in Sources */,
				D0A9599B2B7F8E5A00305100 /* plant6.swift in Sources */,
				D0A959952B7F88BB00305100 /* plant3.swift in Sources */,
				EAFFF5B32B80FC35000EF7AA /* plant7.swift in Sources */,
				EAFFF5B12B80E59C000EF7AA /* plant1.swift in Sources */,
				1E585BFC2B3810FB0085C971 /* Color.swift in Sources */,
				EA39FDA12B802B5500AAF32B /* plant9.swift in Sources */,
				D0A959972B7F8B0500305100 /* plant4.swift in Sources */,
				EA9EFA5D2B7FDA0100B6622E /* summer.swift in Sources */,
				1E585BC42B3227BE0085C971 /* FloraFiApp.swift in Sources */,
				1E585BD42B32288D0085C971 /* HomeView.swift in Sources */,
				EA9EFA5B2B7FD9F100B6622E /* winter.swift in Sources */,
				1E585BD82B322CB30085C971 /* tabView.swift in Sources */,
				EAFFF5B72B80FEEC000EF7AA /* plant10.swift in Sources */,
			);
			runOnlyForDeploymentPostprocessing = 0;
		};
/* End PBXSourcesBuildPhase section */

/* Begin XCBuildConfiguration section */
		1E585BCC2B3227C00085C971 /* Debug */ = {
			isa = XCBuildConfiguration;
			buildSettings = {
				ALWAYS_SEARCH_USER_PATHS = NO;
				ASSETCATALOG_COMPILER_GENERATE_SWIFT_ASSET_SYMBOL_EXTENSIONS = YES;
				CLANG_ANALYZER_LOCALIZABILITY_NONLOCALIZED = YES;
				CLANG_ANALYZER_NONNULL = YES;
				CLANG_ANALYZER_NUMBER_OBJECT_CONVERSION = YES_AGGRESSIVE;
				CLANG_CXX_LANGUAGE_STANDARD = "gnu++20";
				CLANG_ENABLE_MODULES = YES;
				CLANG_ENABLE_OBJC_ARC = YES;
				CLANG_ENABLE_OBJC_WEAK = YES;
				CLANG_WARN_BLOCK_CAPTURE_AUTORELEASING = YES;
				CLANG_WARN_BOOL_CONVERSION = YES;
				CLANG_WARN_COMMA = YES;
				CLANG_WARN_CONSTANT_CONVERSION = YES;
				CLANG_WARN_DEPRECATED_OBJC_IMPLEMENTATIONS = YES;
				CLANG_WARN_DIRECT_OBJC_ISA_USAGE = YES_ERROR;
				CLANG_WARN_DOCUMENTATION_COMMENTS = YES;
				CLANG_WARN_EMPTY_BODY = YES;
				CLANG_WARN_ENUM_CONVERSION = YES;
				CLANG_WARN_INFINITE_RECURSION = YES;
				CLANG_WARN_INT_CONVERSION = YES;
				CLANG_WARN_NON_LITERAL_NULL_CONVERSION = YES;
				CLANG_WARN_OBJC_IMPLICIT_RETAIN_SELF = YES;
				CLANG_WARN_OBJC_LITERAL_CONVERSION = YES;
				CLANG_WARN_OBJC_ROOT_CLASS = YES_ERROR;
				CLANG_WARN_QUOTED_INCLUDE_IN_FRAMEWORK_HEADER = YES;
				CLANG_WARN_RANGE_LOOP_ANALYSIS = YES;
				CLANG_WARN_STRICT_PROTOTYPES = YES;
				CLANG_WARN_SUSPICIOUS_MOVE = YES;
				CLANG_WARN_UNGUARDED_AVAILABILITY = YES_AGGRESSIVE;
				CLANG_WARN_UNREACHABLE_CODE = YES;
				CLANG_WARN__DUPLICATE_METHOD_MATCH = YES;
				COPY_PHASE_STRIP = NO;
				DEBUG_INFORMATION_FORMAT = dwarf;
				ENABLE_STRICT_OBJC_MSGSEND = YES;
				ENABLE_TESTABILITY = YES;
				ENABLE_USER_SCRIPT_SANDBOXING = YES;
				GCC_C_LANGUAGE_STANDARD = gnu17;
				GCC_DYNAMIC_NO_PIC = NO;
				GCC_NO_COMMON_BLOCKS = YES;
				GCC_OPTIMIZATION_LEVEL = 0;
				GCC_PREPROCESSOR_DEFINITIONS = (
					"DEBUG=1",
					"$(inherited)",
				);
				GCC_WARN_64_TO_32_BIT_CONVERSION = YES;
				GCC_WARN_ABOUT_RETURN_TYPE = YES_ERROR;
				GCC_WARN_UNDECLARED_SELECTOR = YES;
				GCC_WARN_UNINITIALIZED_AUTOS = YES_AGGRESSIVE;
				GCC_WARN_UNUSED_FUNCTION = YES;
				GCC_WARN_UNUSED_VARIABLE = YES;
				IPHONEOS_DEPLOYMENT_TARGET = 17.0;
				LOCALIZATION_PREFERS_STRING_CATALOGS = YES;
				MTL_ENABLE_DEBUG_INFO = INCLUDE_SOURCE;
				MTL_FAST_MATH = YES;
				ONLY_ACTIVE_ARCH = YES;
				SDKROOT = iphoneos;
				SWIFT_ACTIVE_COMPILATION_CONDITIONS = "DEBUG $(inherited)";
				SWIFT_OPTIMIZATION_LEVEL = "-Onone";
			};
			name = Debug;
		};
		1E585BCD2B3227C00085C971 /* Release */ = {
			isa = XCBuildConfiguration;
			buildSettings = {
				ALWAYS_SEARCH_USER_PATHS = NO;
				ASSETCATALOG_COMPILER_GENERATE_SWIFT_ASSET_SYMBOL_EXTENSIONS = YES;
				CLANG_ANALYZER_LOCALIZABILITY_NONLOCALIZED = YES;
				CLANG_ANALYZER_NONNULL = YES;
				CLANG_ANALYZER_NUMBER_OBJECT_CONVERSION = YES_AGGRESSIVE;
				CLANG_CXX_LANGUAGE_STANDARD = "gnu++20";
				CLANG_ENABLE_MODULES = YES;
				CLANG_ENABLE_OBJC_ARC = YES;
				CLANG_ENABLE_OBJC_WEAK = YES;
				CLANG_WARN_BLOCK_CAPTURE_AUTORELEASING = YES;
				CLANG_WARN_BOOL_CONVERSION = YES;
				CLANG_WARN_COMMA = YES;
				CLANG_WARN_CONSTANT_CONVERSION = YES;
				CLANG_WARN_DEPRECATED_OBJC_IMPLEMENTATIONS = YES;
				CLANG_WARN_DIRECT_OBJC_ISA_USAGE = YES_ERROR;
				CLANG_WARN_DOCUMENTATION_COMMENTS = YES;
				CLANG_WARN_EMPTY_BODY = YES;
				CLANG_WARN_ENUM_CONVERSION = YES;
				CLANG_WARN_INFINITE_RECURSION = YES;
				CLANG_WARN_INT_CONVERSION = YES;
				CLANG_WARN_NON_LITERAL_NULL_CONVERSION = YES;
				CLANG_WARN_OBJC_IMPLICIT_RETAIN_SELF = YES;
				CLANG_WARN_OBJC_LITERAL_CONVERSION = YES;
				CLANG_WARN_OBJC_ROOT_CLASS = YES_ERROR;
				CLANG_WARN_QUOTED_INCLUDE_IN_FRAMEWORK_HEADER = YES;
				CLANG_WARN_RANGE_LOOP_ANALYSIS = YES;
				CLANG_WARN_STRICT_PROTOTYPES = YES;
				CLANG_WARN_SUSPICIOUS_MOVE = YES;
				CLANG_WARN_UNGUARDED_AVAILABILITY = YES_AGGRESSIVE;
				CLANG_WARN_UNREACHABLE_CODE = YES;
				CLANG_WARN__DUPLICATE_METHOD_MATCH = YES;
				COPY_PHASE_STRIP = NO;
				DEBUG_INFORMATION_FORMAT = "dwarf-with-dsym";
				ENABLE_NS_ASSERTIONS = NO;
				ENABLE_STRICT_OBJC_MSGSEND = YES;
				ENABLE_USER_SCRIPT_SANDBOXING = YES;
				GCC_C_LANGUAGE_STANDARD = gnu17;
				GCC_NO_COMMON_BLOCKS = YES;
				GCC_WARN_64_TO_32_BIT_CONVERSION = YES;
				GCC_WARN_ABOUT_RETURN_TYPE = YES_ERROR;
				GCC_WARN_UNDECLARED_SELECTOR = YES;
				GCC_WARN_UNINITIALIZED_AUTOS = YES_AGGRESSIVE;
				GCC_WARN_UNUSED_FUNCTION = YES;
				GCC_WARN_UNUSED_VARIABLE = YES;
				IPHONEOS_DEPLOYMENT_TARGET = 17.0;
				LOCALIZATION_PREFERS_STRING_CATALOGS = YES;
				MTL_ENABLE_DEBUG_INFO = NO;
				MTL_FAST_MATH = YES;
				SDKROOT = iphoneos;
				SWIFT_COMPILATION_MODE = wholemodule;
				VALIDATE_PRODUCT = YES;
			};
			name = Release;
		};
		1E585BCF2B3227C00085C971 /* Debug */ = {
			isa = XCBuildConfiguration;
			buildSettings = {
				ASSETCATALOG_COMPILER_APPICON_NAME = AppIcon;
				ASSETCATALOG_COMPILER_GLOBAL_ACCENT_COLOR_NAME = AccentColor;
				CODE_SIGN_IDENTITY = "Apple Development";
				CODE_SIGN_STYLE = Automatic;
				CURRENT_PROJECT_VERSION = 1;
				DEVELOPMENT_ASSET_PATHS = "\"FloraFi/Preview Content\"";
				DEVELOPMENT_TEAM = 4439LQD9YY;
				ENABLE_PREVIEWS = YES;
				GENERATE_INFOPLIST_FILE = YES;
				INFOPLIST_KEY_CFBundleDisplayName = FloraFi;
				INFOPLIST_KEY_LSApplicationCategoryType = "public.app-category.lifestyle";
				INFOPLIST_KEY_UIApplicationSceneManifest_Generation = YES;
				INFOPLIST_KEY_UIApplicationSupportsIndirectInputEvents = YES;
				INFOPLIST_KEY_UILaunchScreen_Generation = YES;
				INFOPLIST_KEY_UIStatusBarStyle = "";
				INFOPLIST_KEY_UISupportedInterfaceOrientations = UIInterfaceOrientationPortrait;
				INFOPLIST_KEY_UISupportedInterfaceOrientations_iPad = "UIInterfaceOrientationLandscapeLeft UIInterfaceOrientationLandscapeRight UIInterfaceOrientationPortrait UIInterfaceOrientationPortraitUpsideDown";
				LD_RUNPATH_SEARCH_PATHS = (
					"$(inherited)",
					"@executable_path/Frameworks",
				);
				MARKETING_VERSION = 1.0;
				PRODUCT_BUNDLE_IDENTIFIER = FloraFi;
				PRODUCT_NAME = "$(TARGET_NAME)";
				PROVISIONING_PROFILE_SPECIFIER = "";
				SUPPORTED_PLATFORMS = "iphoneos iphonesimulator";
				SUPPORTS_MACCATALYST = NO;
				SUPPORTS_MAC_DESIGNED_FOR_IPHONE_IPAD = NO;
				SUPPORTS_XR_DESIGNED_FOR_IPHONE_IPAD = NO;
				SWIFT_EMIT_LOC_STRINGS = YES;
				SWIFT_VERSION = 5.0;
				TARGETED_DEVICE_FAMILY = 1;
			};
			name = Debug;
		};
		1E585BD02B3227C00085C971 /* Release */ = {
			isa = XCBuildConfiguration;
			buildSettings = {
				ASSETCATALOG_COMPILER_APPICON_NAME = AppIcon;
				ASSETCATALOG_COMPILER_GLOBAL_ACCENT_COLOR_NAME = AccentColor;
				CODE_SIGN_IDENTITY = "Apple Development";
				CODE_SIGN_STYLE = Automatic;
				CURRENT_PROJECT_VERSION = 1;
				DEVELOPMENT_ASSET_PATHS = "\"FloraFi/Preview Content\"";
				DEVELOPMENT_TEAM = 4439LQD9YY;
				ENABLE_PREVIEWS = YES;
				GENERATE_INFOPLIST_FILE = YES;
				INFOPLIST_KEY_CFBundleDisplayName = FloraFi;
				INFOPLIST_KEY_LSApplicationCategoryType = "public.app-category.lifestyle";
				INFOPLIST_KEY_UIApplicationSceneManifest_Generation = YES;
				INFOPLIST_KEY_UIApplicationSupportsIndirectInputEvents = YES;
				INFOPLIST_KEY_UILaunchScreen_Generation = YES;
				INFOPLIST_KEY_UIStatusBarStyle = "";
				INFOPLIST_KEY_UISupportedInterfaceOrientations = UIInterfaceOrientationPortrait;
				INFOPLIST_KEY_UISupportedInterfaceOrientations_iPad = "UIInterfaceOrientationLandscapeLeft UIInterfaceOrientationLandscapeRight UIInterfaceOrientationPortrait UIInterfaceOrientationPortraitUpsideDown";
				LD_RUNPATH_SEARCH_PATHS = (
					"$(inherited)",
					"@executable_path/Frameworks",
				);
				MARKETING_VERSION = 1.0;
				PRODUCT_BUNDLE_IDENTIFIER = florafi;
				PRODUCT_NAME = "$(TARGET_NAME)";
				PROVISIONING_PROFILE_SPECIFIER = "";
				SUPPORTED_PLATFORMS = "iphoneos iphonesimulator";
				SUPPORTS_MACCATALYST = NO;
				SUPPORTS_MAC_DESIGNED_FOR_IPHONE_IPAD = NO;
				SUPPORTS_XR_DESIGNED_FOR_IPHONE_IPAD = NO;
				SWIFT_EMIT_LOC_STRINGS = YES;
				SWIFT_VERSION = 5.0;
				TARGETED_DEVICE_FAMILY = 1;
			};
			name = Release;
		};
/* End XCBuildConfiguration section */

/* Begin XCConfigurationList section */
		1E585BBB2B3227BE0085C971 /* Build configuration list for PBXProject "FloraFi" */ = {
			isa = XCConfigurationList;
			buildConfigurations = (
				1E585BCC2B3227C00085C971 /* Debug */,
				1E585BCD2B3227C00085C971 /* Release */,
			);
			defaultConfigurationIsVisible = 0;
			defaultConfigurationName = Release;
		};
		1E585BCE2B3227C00085C971 /* Build configuration list for PBXNativeTarget "FloraFi" */ = {
			isa = XCConfigurationList;
			buildConfigurations = (
				1E585BCF2B3227C00085C971 /* Debug */,
				1E585BD02B3227C00085C971 /* Release */,
			);
			defaultConfigurationIsVisible = 0;
			defaultConfigurationName = Release;
		};
/* End XCConfigurationList section */
	};
	rootObject = 1E585BB82B3227BE0085C971 /* Project object */;
}
